Microsoft Visual Studio Solution File, Format Version 11.00
# Visual Studio 2008

Project("{ABD52094-5BEF-2D94-8972-9D56FCCFE769}") = "EvoRogue", "Assembly-CSharp.csproj", "{7DDBB165-579C-F4A2-5C84-27A1DCDBA0E0}"
EndProject
Global
	GlobalSection(SolutionConfigurationPlatforms) = preSolution
		Debug|Any CPU = Debug|Any CPU
		Release|Any CPU = Release|Any CPU
	EndGlobalSection
	GlobalSection(ProjectConfigurationPlatforms) = postSolution
		{7DDBB165-579C-F4A2-5C84-27A1DCDBA0E0}.Debug|Any CPU.ActiveCfg = Debug|Any CPU
		{7DDBB165-579C-F4A2-5C84-27A1DCDBA0E0}.Debug|Any CPU.Build.0 = Debug|Any CPU
		{7DDBB165-579C-F4A2-5C84-27A1DCDBA0E0}.Release|Any CPU.ActiveCfg = Release|Any CPU
		{7DDBB165-579C-F4A2-5C84-27A1DCDBA0E0}.Release|Any CPU.Build.0 = Release|Any CPU
	EndGlobalSection
	GlobalSection(SolutionProperties) = preSolution
		HideSolutionNode = FALSE
	EndGlobalSection
	GlobalSection(MonoDevelopProperties) = preSolution
		Policies = $0
		$0.TextStylePolicy = $1
		$1.FileWidth = 120
		$1.TabWidth = 2
		$1.IndentWidth = 2
		$1.EolMarker = Unix
		$1.inheritsSet = VisualStudio
		$1.inheritsScope = text/plain
		$1.scope = text/x-csharp
		$0.CSharpFormattingPolicy = $2
		$2.IndentSwitchBody = True
		$2.StatementBraceStyle = NextLine
		$2.ElseNewLinePlacement = NewLine
		$2.AfterDelegateDeclarationParameterComma = True
		$2.inheritsSet = Mono
		$2.inheritsScope = text/x-csharp
		$2.scope = text/x-csharp
	EndGlobalSection
EndGlobal
